
Microsoft Visual Studio Solution File, Format Version 12.00
# Visual Studio Version 16
VisualStudioVersion = 16.0.31911.196
MinimumVisualStudioVersion = 10.0.40219.1
Project("{FAE04EC0-301F-11D3-BF4B-00C04F79EFBC}") = "Eshtry", "Eshtry\Eshtry.csproj", "{E80DC3FE-135A-4C4B-9B8A-A1710B7CC715}"
EndProject
Project("{FAE04EC0-301F-11D3-BF4B-00C04F79EFBC}") = "WcfService1", "WcfService1\WcfService1.csproj", "{B946A88A-9D81-4326-9888-1A8B693CF4B6}"
EndProject
Project("{FAE04EC0-301F-11D3-BF4B-00C04F79EFBC}") = "EshtryFrontend", "EshtryFrontend\EshtryFrontend.csproj", "{BA6FC72F-9F9C-46D4-B15C-130FB6DA55E1}"
	ProjectSection(ProjectDependencies) = postProject
		{B946A88A-9D81-4326-9888-1A8B693CF4B6} = {B946A88A-9D81-4326-9888-1A8B693CF4B6}
	EndProjectSection
EndProject
Global
	GlobalSection(SolutionConfigurationPlatforms) = preSolution
		Debug|Any CPU = Debug|Any CPU
		Release|Any CPU = Release|Any CPU
	EndGlobalSection
	GlobalSection(ProjectConfigurationPlatforms) = postSolution
		{E80DC3FE-135A-4C4B-9B8A-A1710B7CC715}.Debug|Any CPU.ActiveCfg = Debug|Any CPU
		{E80DC3FE-135A-4C4B-9B8A-A1710B7CC715}.Debug|Any CPU.Build.0 = Debug|Any CPU
		{E80DC3FE-135A-4C4B-9B8A-A1710B7CC715}.Release|Any CPU.ActiveCfg = Release|Any CPU
		{E80DC3FE-135A-4C4B-9B8A-A1710B7CC715}.Release|Any CPU.Build.0 = Release|Any CPU
		{B946A88A-9D81-4326-9888-1A8B693CF4B6}.Debug|Any CPU.ActiveCfg = Debug|Any CPU
		{B946A88A-9D81-4326-9888-1A8B693CF4B6}.Debug|Any CPU.Build.0 = Debug|Any CPU
		{B946A88A-9D81-4326-9888-1A8B693CF4B6}.Release|Any CPU.ActiveCfg = Release|Any CPU
		{B946A88A-9D81-4326-9888-1A8B693CF4B6}.Release|Any CPU.Build.0 = Release|Any CPU
		{BA6FC72F-9F9C-46D4-B15C-130FB6DA55E1}.Debug|Any CPU.ActiveCfg = Debug|Any CPU
		{BA6FC72F-9F9C-46D4-B15C-130FB6DA55E1}.Debug|Any CPU.Build.0 = Debug|Any CPU
		{BA6FC72F-9F9C-46D4-B15C-130FB6DA55E1}.Release|Any CPU.ActiveCfg = Release|Any CPU
		{BA6FC72F-9F9C-46D4-B15C-130FB6DA55E1}.Release|Any CPU.Build.0 = Release|Any CPU
	EndGlobalSection
	GlobalSection(SolutionProperties) = preSolution
		HideSolutionNode = FALSE
	EndGlobalSection
	GlobalSection(ExtensibilityGlobals) = postSolution
		SolutionGuid = {EECCE57B-69DF-4A26-BEA0-79D9A118C61E}
	EndGlobalSection
EndGlobal
